
Microsoft Visual Studio Solution File, Format Version 12.00
# Visual Studio Version 17
VisualStudioVersion = 17.0.32014.148
MinimumVisualStudioVersion = 10.0.40219.1
Project("{9A19103F-16F7-4668-BE54-9A1E7A4F7556}") = "Common", "Common\Common.csproj", "{B6B737B8-C0AB-4C67-B389-BF4ECCA53BF5}"
EndProject
Project("{9A19103F-16F7-4668-BE54-9A1E7A4F7556}") = "NoCacheApi", "NoCacheApi\NoCacheApi.csproj", "{A9FAA1CF-2715-412B-AF24-2E39C4E60742}"
EndProject
Project("{9A19103F-16F7-4668-BE54-9A1E7A4F7556}") = "InMemoryCacheApi", "InMemoryCacheApi\InMemoryCacheApi.csproj", "{E81DF06E-964A-4BF8-B824-AB8B91DAF270}"
EndProject
Project("{9A19103F-16F7-4668-BE54-9A1E7A4F7556}") = "DistributedCacheApi", "DistributedCacheApi\DistributedCacheApi.csproj", "{6EEC2F2E-5906-4061-9475-027685F74C43}"
EndProject
Project("{9A19103F-16F7-4668-BE54-9A1E7A4F7556}") = "Common.Redis", "Common.Redis\Common.Redis.csproj", "{8F731C63-DA35-4362-BB9B-7C047B961DC8}"
EndProject
Project("{9A19103F-16F7-4668-BE54-9A1E7A4F7556}") = "Common.InMemory", "Common.InMemory\Common.InMemory.csproj", "{5D2EC6AE-318A-4145-A06C-34E5641CA7DA}"
EndProject
Project("{FAE04EC0-301F-11D3-BF4B-00C04F79EFBC}") = "HybridCacheApi", "HybridCacheApi\HybridCacheApi.csproj", "{7432F5B7-D094-41BE-BA3D-148FDB4044B0}"
EndProject
Project("{FAE04EC0-301F-11D3-BF4B-00C04F79EFBC}") = "Common.PublishSubscribe", "Common.PublishSubscribe\Common.PublishSubscribe.csproj", "{B135C7CC-4063-43E2-AF41-B5FD3AB167CA}"
EndProject
Global
	GlobalSection(SolutionConfigurationPlatforms) = preSolution
		Debug|Any CPU = Debug|Any CPU
		Release|Any CPU = Release|Any CPU
	EndGlobalSection
	GlobalSection(ProjectConfigurationPlatforms) = postSolution
		{B6B737B8-C0AB-4C67-B389-BF4ECCA53BF5}.Debug|Any CPU.ActiveCfg = Debug|Any CPU
		{B6B737B8-C0AB-4C67-B389-BF4ECCA53BF5}.Debug|Any CPU.Build.0 = Debug|Any CPU
		{B6B737B8-C0AB-4C67-B389-BF4ECCA53BF5}.Release|Any CPU.ActiveCfg = Release|Any CPU
		{B6B737B8-C0AB-4C67-B389-BF4ECCA53BF5}.Release|Any CPU.Build.0 = Release|Any CPU
		{A9FAA1CF-2715-412B-AF24-2E39C4E60742}.Debug|Any CPU.ActiveCfg = Debug|Any CPU
		{A9FAA1CF-2715-412B-AF24-2E39C4E60742}.Debug|Any CPU.Build.0 = Debug|Any CPU
		{A9FAA1CF-2715-412B-AF24-2E39C4E60742}.Release|Any CPU.ActiveCfg = Release|Any CPU
		{A9FAA1CF-2715-412B-AF24-2E39C4E60742}.Release|Any CPU.Build.0 = Release|Any CPU
		{E81DF06E-964A-4BF8-B824-AB8B91DAF270}.Debug|Any CPU.ActiveCfg = Debug|Any CPU
		{E81DF06E-964A-4BF8-B824-AB8B91DAF270}.Debug|Any CPU.Build.0 = Debug|Any CPU
		{E81DF06E-964A-4BF8-B824-AB8B91DAF270}.Release|Any CPU.ActiveCfg = Release|Any CPU
		{E81DF06E-964A-4BF8-B824-AB8B91DAF270}.Release|Any CPU.Build.0 = Release|Any CPU
		{6EEC2F2E-5906-4061-9475-027685F74C43}.Debug|Any CPU.ActiveCfg = Debug|Any CPU
		{6EEC2F2E-5906-4061-9475-027685F74C43}.Debug|Any CPU.Build.0 = Debug|Any CPU
		{6EEC2F2E-5906-4061-9475-027685F74C43}.Release|Any CPU.ActiveCfg = Release|Any CPU
		{6EEC2F2E-5906-4061-9475-027685F74C43}.Release|Any CPU.Build.0 = Release|Any CPU
		{8F731C63-DA35-4362-BB9B-7C047B961DC8}.Debug|Any CPU.ActiveCfg = Debug|Any CPU
		{8F731C63-DA35-4362-BB9B-7C047B961DC8}.Debug|Any CPU.Build.0 = Debug|Any CPU
		{8F731C63-DA35-4362-BB9B-7C047B961DC8}.Release|Any CPU.ActiveCfg = Release|Any CPU
		{8F731C63-DA35-4362-BB9B-7C047B961DC8}.Release|Any CPU.Build.0 = Release|Any CPU
		{5D2EC6AE-318A-4145-A06C-34E5641CA7DA}.Debug|Any CPU.ActiveCfg = Debug|Any CPU
		{5D2EC6AE-318A-4145-A06C-34E5641CA7DA}.Debug|Any CPU.Build.0 = Debug|Any CPU
		{5D2EC6AE-318A-4145-A06C-34E5641CA7DA}.Release|Any CPU.ActiveCfg = Release|Any CPU
		{5D2EC6AE-318A-4145-A06C-34E5641CA7DA}.Release|Any CPU.Build.0 = Release|Any CPU
		{7432F5B7-D094-41BE-BA3D-148FDB4044B0}.Debug|Any CPU.ActiveCfg = Debug|Any CPU
		{7432F5B7-D094-41BE-BA3D-148FDB4044B0}.Debug|Any CPU.Build.0 = Debug|Any CPU
		{7432F5B7-D094-41BE-BA3D-148FDB4044B0}.Release|Any CPU.ActiveCfg = Release|Any CPU
		{7432F5B7-D094-41BE-BA3D-148FDB4044B0}.Release|Any CPU.Build.0 = Release|Any CPU
		{B135C7CC-4063-43E2-AF41-B5FD3AB167CA}.Debug|Any CPU.ActiveCfg = Debug|Any CPU
		{B135C7CC-4063-43E2-AF41-B5FD3AB167CA}.Debug|Any CPU.Build.0 = Debug|Any CPU
		{B135C7CC-4063-43E2-AF41-B5FD3AB167CA}.Release|Any CPU.ActiveCfg = Release|Any CPU
		{B135C7CC-4063-43E2-AF41-B5FD3AB167CA}.Release|Any CPU.Build.0 = Release|Any CPU
	EndGlobalSection
	GlobalSection(SolutionProperties) = preSolution
		HideSolutionNode = FALSE
	EndGlobalSection
	GlobalSection(ExtensibilityGlobals) = postSolution
		SolutionGuid = {04ED2322-A172-4C63-AEB1-8CE594D4CFC7}
	EndGlobalSection
EndGlobal
